
Microsoft Visual Studio Solution File, Format Version 12.00
# Visual Studio Version 17
VisualStudioVersion = 17.12.35707.178 d17.12
MinimumVisualStudioVersion = 10.0.40219.1
Project("{FAE04EC0-301F-11D3-BF4B-00C04F79EFBC}") = "Entities", "Entities\Entities.csproj", "{F8D59976-DF93-40D5-A866-0E69001B7782}"
	ProjectSection(ProjectDependencies) = postProject
		{B801DB45-BB06-4A03-89C8-8C62C3BA2BD1} = {B801DB45-BB06-4A03-89C8-8C62C3BA2BD1}
	EndProjectSection
EndProject
Project("{FAE04EC0-301F-11D3-BF4B-00C04F79EFBC}") = "Business", "Business\Business.csproj", "{22430B44-1B9E-470A-9769-6B091381733D}"
EndProject
Project("{FAE04EC0-301F-11D3-BF4B-00C04F79EFBC}") = "DataAccess", "DataAccess\DataAccess.csproj", "{7D18DCB4-CC98-42C2-B6B6-A975EF50D1EF}"
EndProject
Project("{FAE04EC0-301F-11D3-BF4B-00C04F79EFBC}") = "Core", "Core\Core.csproj", "{B801DB45-BB06-4A03-89C8-8C62C3BA2BD1}"
EndProject
Project("{FAE04EC0-301F-11D3-BF4B-00C04F79EFBC}") = "WebApi", "WebApi\WebApi.csproj", "{D7BF605C-01B6-4A0C-880B-28ABBBB460C2}"
EndProject
Global
	GlobalSection(SolutionConfigurationPlatforms) = preSolution
		Debug|Any CPU = Debug|Any CPU
		Release|Any CPU = Release|Any CPU
	EndGlobalSection
	GlobalSection(ProjectConfigurationPlatforms) = postSolution
		{F8D59976-DF93-40D5-A866-0E69001B7782}.Debug|Any CPU.ActiveCfg = Debug|Any CPU
		{F8D59976-DF93-40D5-A866-0E69001B7782}.Debug|Any CPU.Build.0 = Debug|Any CPU
		{F8D59976-DF93-40D5-A866-0E69001B7782}.Release|Any CPU.ActiveCfg = Release|Any CPU
		{F8D59976-DF93-40D5-A866-0E69001B7782}.Release|Any CPU.Build.0 = Release|Any CPU
		{22430B44-1B9E-470A-9769-6B091381733D}.Debug|Any CPU.ActiveCfg = Debug|Any CPU
		{22430B44-1B9E-470A-9769-6B091381733D}.Debug|Any CPU.Build.0 = Debug|Any CPU
		{22430B44-1B9E-470A-9769-6B091381733D}.Release|Any CPU.ActiveCfg = Release|Any CPU
		{22430B44-1B9E-470A-9769-6B091381733D}.Release|Any CPU.Build.0 = Release|Any CPU
		{7D18DCB4-CC98-42C2-B6B6-A975EF50D1EF}.Debug|Any CPU.ActiveCfg = Debug|Any CPU
		{7D18DCB4-CC98-42C2-B6B6-A975EF50D1EF}.Debug|Any CPU.Build.0 = Debug|Any CPU
		{7D18DCB4-CC98-42C2-B6B6-A975EF50D1EF}.Release|Any CPU.ActiveCfg = Release|Any CPU
		{7D18DCB4-CC98-42C2-B6B6-A975EF50D1EF}.Release|Any CPU.Build.0 = Release|Any CPU
		{B801DB45-BB06-4A03-89C8-8C62C3BA2BD1}.Debug|Any CPU.ActiveCfg = Debug|Any CPU
		{B801DB45-BB06-4A03-89C8-8C62C3BA2BD1}.Debug|Any CPU.Build.0 = Debug|Any CPU
		{B801DB45-BB06-4A03-89C8-8C62C3BA2BD1}.Release|Any CPU.ActiveCfg = Release|Any CPU
		{B801DB45-BB06-4A03-89C8-8C62C3BA2BD1}.Release|Any CPU.Build.0 = Release|Any CPU
		{D7BF605C-01B6-4A0C-880B-28ABBBB460C2}.Debug|Any CPU.ActiveCfg = Debug|Any CPU
		{D7BF605C-01B6-4A0C-880B-28ABBBB460C2}.Debug|Any CPU.Build.0 = Debug|Any CPU
		{D7BF605C-01B6-4A0C-880B-28ABBBB460C2}.Release|Any CPU.ActiveCfg = Release|Any CPU
		{D7BF605C-01B6-4A0C-880B-28ABBBB460C2}.Release|Any CPU.Build.0 = Release|Any CPU
	EndGlobalSection
	GlobalSection(SolutionProperties) = preSolution
		HideSolutionNode = FALSE
	EndGlobalSection
EndGlobal
